PODS:
  - fishhook (0.2)
  - KcDebugSwift (0.0.7):
    - KcDebugSwift/Associations (= 0.0.7)
    - KcDebugSwift/CircularReference (= 0.0.7)
    - KcDebugSwift/FindProperty (= 0.0.7)
    - KcDebugSwift/Tool (= 0.0.7)
  - KcDebugSwift/Associations (0.0.7):
    - fishhook
  - KcDebugSwift/CircularReference (0.0.7):
    - KcDebugSwift/Associations
    - KcDebugSwift/FindProperty
    - KcDebugSwift/Tool
  - KcDebugSwift/FindProperty (0.0.7):
    - KcDebugSwift/Tool
  - KcDebugSwift/Tool (0.0.7)
  - KcDebugTool (0.0.8):
    - KcDebugTool/DebugTool (= 0.0.8)
    - KcDebugTool/extension (= 0.0.8)
    - KcDebugTool/MachO (= 0.0.8)
    - KcDebugTool/model (= 0.0.8)
    - KcDebugTool/other (= 0.0.8)
    - KcDebugTool/sdk (= 0.0.8)
    - KcDebugTool/View (= 0.0.8)
    - KcDebugTool/Zombie (= 0.0.8)
  - KcDebugTool/DebugTool (0.0.8):
    - KcDebugTool/extension
    - KcDebugTool/MachO
    - KcDebugTool/other
    - KcDebugTool/View
  - KcDebugTool/extension (0.0.8):
    - KcDebugTool/model
  - KcDebugTool/MachO (0.0.8):
    - KcDebugTool/extension
  - KcDebugTool/model (0.0.8):
    - KcDebugTool/sdk
  - KcDebugTool/other (0.0.8):
    - KcDebugSwift
    - KcDebugTool/model
    - KcDebugTool/sdk
  - KcDebugTool/sdk (0.0.8)
  - KcDebugTool/View (0.0.8)
  - KcDebugTool/Zombie (0.0.8)

DEPENDENCIES:
  - fishhook
  - KcDebugTool (from `../`)

SPEC REPOS:
  https://code.badam.mobi/badambiz_ios/zpspecs.git:
    - KcDebugSwift
  trunk:
    - fishhook

EXTERNAL SOURCES:
  KcDebugTool:
    :path: "../"

SPEC CHECKSUMS:
  fishhook: ea19933abfe8f2f52c55fd8b6e2718467d3ebc89
  KcDebugSwift: 20232e4e77f184e59e7d814a30cc4f9b999c8064
  KcDebugTool: 8503719be06c9da4ee946513d41558718a3d5763

PODFILE CHECKSUM: 5b7718ba62ec01862a131025c61c5d0f0bcb4356

COCOAPODS: 1.10.2
